# generated by rye
# use `rye lock` or `rye sync` to update this lockfile
#
# last locked with the following flags:
#   pre: false
#   features: []
#   all-features: false
#   with-sources: false
#   generate-hashes: false
#   universal: false

-e file:.
aiofiles==24.1.0
    # via hyperglass
annotated-types==0.7.0
    # via pydantic
anyio==4.11.0
    # via httpx
    # via litestar
bandit==1.9.4
bcrypt==5.0.0
    # via paramiko
black==26.5.1
brotli==1.2.0
    # via -c (workspace)
    # via litestar
certifi==2025.8.3
    # via httpcore
    # via httpx
    # via requests
cffi==2.0.0
    # via cryptography
    # via pynacl
cfgv==3.5.0
    # via pre-commit
charset-normalizer==3.4.3
    # via requests
click==8.1.7
    # via black
    # via hyperglass
    # via litestar
    # via rich-click
    # via typer
    # via uvicorn
colorama==0.4.6
    # via taskipy
cryptography==50.0.0
    # via -c (workspace)
    # via paramiko
distlib==0.4.3
    # via virtualenv
distro==1.9.0
    # via hyperglass
faker==37.8.0
    # via polyfactory
filelock==3.29.4
    # via python-discovery
    # via virtualenv
flake8==7.3.0
    # via pep8-naming
h11==0.16.0
    # via httpcore
    # via uvicorn
httpcore==1.0.9
    # via httpx
httpx==0.28.1
    # via hyperglass
    # via litestar
identify==2.6.19
    # via pre-commit
idna==3.10
    # via anyio
    # via httpx
    # via requests
iniconfig==2.3.0
    # via pytest
invoke==2.2.0
    # via paramiko
isort==8.0.1
litestar==2.24.0
    # via hyperglass
litestar-htmx==0.5.0
    # via litestar
loguru==0.7.3
    # via hyperglass
markdown-it-py==4.0.0
    # via rich
mccabe==0.7.0
    # via flake8
mdurl==0.1.2
    # via markdown-it-py
msgspec==0.19.0
    # via litestar
multidict==6.6.4
    # via litestar
multipart==1.3.1
    # via -c (workspace)
    # via litestar
mypy-extensions==1.1.0
    # via black
netmiko==4.6.0
    # via hyperglass
nodeenv==1.10.0
    # via pre-commit
ntc-templates==8.1.0
    # via netmiko
packaging==26.2
    # via black
    # via pytest
paramiko==4.0.0
    # via hyperglass
    # via netmiko
    # via scp
pathspec==1.1.1
    # via black
pep8-naming==0.15.1
pillow==12.3.0
    # via --override (workspace)
    # via hyperglass
platformdirs==4.10.0
    # via black
    # via python-discovery
    # via virtualenv
pluggy==1.6.0
    # via pytest
polyfactory==2.22.2
    # via litestar
pre-commit==4.6.0
psutil==7.1.0
    # via --override (workspace)
    # via hyperglass
    # via taskipy
py-cpuinfo==9.0.0
    # via hyperglass
pycodestyle==2.14.0
    # via flake8
pycparser==2.23
    # via cffi
pydantic==2.11.9
    # via hyperglass
    # via pydantic-extra-types
    # via pydantic-settings
pydantic-core==2.33.2
    # via pydantic
pydantic-extra-types==2.10.5
    # via hyperglass
pydantic-settings==2.11.0
    # via hyperglass
pyflakes==3.4.0
    # via flake8
pygments==2.19.2
    # via pytest
    # via rich
pyjwt==2.13.0
    # via hyperglass
pynacl==1.6.0
    # via paramiko
pyserial==3.5
    # via netmiko
pytest==9.1.0
    # via pytest-asyncio
    # via pytest-dependency
pytest-asyncio==1.4.0
pytest-dependency==0.6.1
python-discovery==1.4.2
    # via virtualenv
python-dotenv==1.1.1
    # via pydantic-settings
pytokens==0.4.1
    # via black
pyyaml==6.0.3
    # via bandit
    # via hyperglass
    # via litestar
    # via netmiko
    # via pre-commit
redis==6.4.0
    # via hyperglass
requests==2.34.2
    # via hyperglass
rich==13.9.4
    # via bandit
    # via hyperglass
    # via litestar
    # via netmiko
    # via rich-click
rich-click==1.9.1
    # via litestar
ruamel-yaml==0.18.15
    # via netmiko
ruamel-yaml-clib==0.2.14
    # via ruamel-yaml
ruff==0.15.17
scp==0.15.0
    # via netmiko
setuptools==82.0.1
    # via pytest-dependency
sniffio==1.3.1
    # via anyio
    # via litestar
stackprinter==0.2.13
stevedore==5.8.0
    # via bandit
taskipy==1.14.1
textfsm==2.1.0
    # via netmiko
    # via ntc-templates
toml==0.10.2
    # via hyperglass
tomli==2.4.1
    # via taskipy
typer==0.9.4
    # via hyperglass
typing-extensions==4.15.0
    # via anyio
    # via litestar
    # via polyfactory
    # via pydantic
    # via pydantic-core
    # via pydantic-extra-types
    # via pytest-asyncio
    # via typer
    # via typing-inspection
typing-inspection==0.4.1
    # via pydantic
    # via pydantic-settings
tzdata==2025.2
    # via faker
urllib3==2.7.0
    # via requests
uvicorn==0.37.0
    # via hyperglass
virtualenv==21.5.0
    # via pre-commit
xmltodict==1.0.2
    # via hyperglass
